
Microsoft Visual Studio Solution File, Format Version 12.00
# Visual Studio Version 17
VisualStudioVersion = 17.5.33530.505
MinimumVisualStudioVersion = 10.0.40219.1
Project("{FAE04EC0-301F-11D3-BF4B-00C04F79EFBC}") = "Funciones_lineales", "Funciones_lineales\Funciones_lineales.csproj", "{7BD39379-E267-4A07-93C6-B17D0630763F}"
EndProject
Global
	GlobalSection(SolutionConfigurationPlatforms) = preSolution
		Debug|Any CPU = Debug|Any CPU
		Release|Any CPU = Release|Any CPU
	EndGlobalSection
	GlobalSection(ProjectConfigurationPlatforms) = postSolution
		{7BD39379-E267-4A07-93C6-B17D0630763F}.Debug|Any CPU.ActiveCfg = Debug|Any CPU
		{7BD39379-E267-4A07-93C6-B17D0630763F}.Debug|Any CPU.Build.0 = Debug|Any CPU
		{7BD39379-E267-4A07-93C6-B17D0630763F}.Release|Any CPU.ActiveCfg = Release|Any CPU
		{7BD39379-E267-4A07-93C6-B17D0630763F}.Release|Any CPU.Build.0 = Release|Any CPU
	EndGlobalSection
	GlobalSection(SolutionProperties) = preSolution
		HideSolutionNode = FALSE
	EndGlobalSection
	GlobalSection(ExtensibilityGlobals) = postSolution
		SolutionGuid = {9541E0D5-7212-4D06-838F-A3072F629737}
	EndGlobalSection
EndGlobal
